{
  "name": "order-management",
  "lockfileVersion": 3,
  "requires": true,
  "packages": {
    "": {
      "name": "order-management"
    },
    "node_modules/@types/jasmine": {
      "version": "5.1.8",
      "resolved": "https://registry.npmjs.org/@types/jasmine/-/jasmine-5.1.8.tgz",
      "integrity": "sha512-u7/CnvRdh6AaaIzYjCgUuVbREFgulhX05Qtf6ZtW+aOcjCKKVvKgpkPYJBFTZSHtFBYimzU4zP0V2vrEsq9Wcg==",
      "dev": true,
      "license": "MIT"
    }
  }
}
